
Microsoft Visual Studio Solution File, Format Version 12.00
Project("{FAE04EC0-301F-11D3-BF4B-00C04F79EFBC}") = "FlakyAPI", "FlakyAPI\FlakyAPI.csproj", "{5148F0FD-D9E2-4785-8CA8-A26CAA5F6DE2}"
EndProject
Project("{FAE04EC0-301F-11D3-BF4B-00C04F79EFBC}") = "ClientApp", "ClientApp\ClientApp.csproj", "{4EE5CC69-AAB4-4ADC-AC6A-5E9B2572A0D5}"
EndProject
Global
	GlobalSection(SolutionConfigurationPlatforms) = preSolution
		Debug|Any CPU = Debug|Any CPU
		Release|Any CPU = Release|Any CPU
	EndGlobalSection
	GlobalSection(ProjectConfigurationPlatforms) = postSolution
		{5148F0FD-D9E2-4785-8CA8-A26CAA5F6DE2}.Debug|Any CPU.ActiveCfg = Debug|Any CPU
		{5148F0FD-D9E2-4785-8CA8-A26CAA5F6DE2}.Debug|Any CPU.Build.0 = Debug|Any CPU
		{5148F0FD-D9E2-4785-8CA8-A26CAA5F6DE2}.Release|Any CPU.ActiveCfg = Release|Any CPU
		{5148F0FD-D9E2-4785-8CA8-A26CAA5F6DE2}.Release|Any CPU.Build.0 = Release|Any CPU
		{4EE5CC69-AAB4-4ADC-AC6A-5E9B2572A0D5}.Debug|Any CPU.ActiveCfg = Debug|Any CPU
		{4EE5CC69-AAB4-4ADC-AC6A-5E9B2572A0D5}.Debug|Any CPU.Build.0 = Debug|Any CPU
		{4EE5CC69-AAB4-4ADC-AC6A-5E9B2572A0D5}.Release|Any CPU.ActiveCfg = Release|Any CPU
		{4EE5CC69-AAB4-4ADC-AC6A-5E9B2572A0D5}.Release|Any CPU.Build.0 = Release|Any CPU
	EndGlobalSection
EndGlobal
